// !$*UTF8*$!
{
	archiveVersion = 1;
	classes = {
	};
	objectVersion = 50;
	objects = {

/* Begin PBXBuildFile section */
		6769DC962621099A000A0689 /* ContactListView.swift in Sources */ = {isa = PBXBuildFile; fileRef = 6769DC952621099A000A0689 /* ContactListView.swift */; };
		6769DC9A262109BF000A0689 /* ContactDetailView.swift in Sources */ = {isa = PBXBuildFile; fileRef = 6769DC99262109BF000A0689 /* ContactDetailView.swift */; };
		6769DC9D262109E9000A0689 /* SectionContactListView.swift in Sources */ = {isa = PBXBuildFile; fileRef = 6769DC9C262109E9000A0689 /* SectionContactListView.swift */; };
		6769DCA226225FC6000A0689 /* ContactRow.swift in Sources */ = {isa = PBXBuildFile; fileRef = 6769DCA126225FC6000A0689 /* ContactRow.swift */; };
		676D0000261FC77A008E073B /* AppDelegate.swift in Sources */ = {isa = PBXBuildFile; fileRef = 676DFFFF261FC77A008E073B /* AppDelegate.swift */; };
		676D0002261FC77A008E073B /* SceneDelegate.swift in Sources */ = {isa = PBXBuildFile; fileRef = 676D0001261FC77A008E073B /* SceneDelegate.swift */; };
		676D0004261FC77A008E073B /* ContentView.swift in Sources */ = {isa = PBXBuildFile; fileRef = 676D0003261FC77A008E073B /* ContentView.swift */; };
		676D0006261FC77D008E073B /* Assets.xcassets in Resources */ = {isa = PBXBuildFile; fileRef = 676D0005261FC77D008E073B /* Assets.xcassets */; };
		676D0009261FC77D008E073B /* Preview Assets.xcassets in Resources */ = {isa = PBXBuildFile; fileRef = 676D0008261FC77D008E073B /* Preview Assets.xcassets */; };
		676D000C261FC77D008E073B /* LaunchScreen.storyboard in Resources */ = {isa = PBXBuildFile; fileRef = 676D000A261FC77D008E073B /* LaunchScreen.storyboard */; };
		676D0016261FC7CB008E073B /* DataManager.swift in Sources */ = {isa = PBXBuildFile; fileRef = 676D0015261FC7CB008E073B /* DataManager.swift */; };
		676D001A261FC7E0008E073B /* Person.swift in Sources */ = {isa = PBXBuildFile; fileRef = 676D0019261FC7E0008E073B /* Person.swift */; };
/* End PBXBuildFile section */

/* Begin PBXFileReference section */
		6769DC952621099A000A0689 /* ContactListView.swift */ = {isa = PBXFileReference; lastKnownFileType = sourcecode.swift; path = ContactListView.swift; sourceTree = "<group>"; };
		6769DC99262109BF000A0689 /* ContactDetailView.swift */ = {isa = PBXFileReference; lastKnownFileType = sourcecode.swift; path = ContactDetailView.swift; sourceTree = "<group>"; };
		6769DC9C262109E9000A0689 /* SectionContactListView.swift */ = {isa = PBXFileReference; lastKnownFileType = sourcecode.swift; path = SectionContactListView.swift; sourceTree = "<group>"; };
		6769DCA126225FC6000A0689 /* ContactRow.swift */ = {isa = PBXFileReference; lastKnownFileType = sourcecode.swift; path = ContactRow.swift; sourceTree = "<group>"; };
		676D0001261FC77A008E073B /* SceneDelegate.swift */ = {isa = PBXFileReference; lastKnownFileType = sourcecode.swift; path = SceneDelegate.swift; sourceTree = "<group>"; };
		676D0003261FC77A008E073B /* ContentView.swift */ = {isa = PBXFileReference; lastKnownFileType = sourcecode.swift; path = ContentView.swift; sourceTree = "<group>"; };
		676D0005261FC77D008E073B /* Assets.xcassets */ = {isa = PBXFileReference; lastKnownFileType = folder.assetcatalog; path = Assets.xcassets; sourceTree = "<group>"; };
		676D0008261FC77D008E073B /* Preview Assets.xcassets */ = {isa = PBXFileReference; lastKnownFileType = folder.assetcatalog; path = "Preview Assets.xcassets"; sourceTree = "<group>"; };
		676D000B261FC77D008E073B /* Base */ = {isa = PBXFileReference; lastKnownFileType = file.storyboard; name = Base; path = Base.lproj/LaunchScreen.storyboard; sourceTree = "<group>"; };
		676D000D261FC77D008E073B /* Info.plist */ = {isa = PBXFileReference; lastKnownFileType = text.plist.xml; path = Info.plist; sourceTree = "<group>"; };
		676D0015261FC7CB008E073B /* DataManager.swift */ = {isa = PBXFileReference; lastKnownFileType = sourcecode.swift; path = DataManager.swift; sourceTree = "<group>"; };
		676D0019261FC7E0008E073B /* Person.swift */ = {isa = PBXFileReference; lastKnownFileType = sourcecode.swift; path = Person.swift; sourceTree = "<group>"; };
		676DFFFC261FC77A008E073B /* ContactsSwiftUI.app */ = {isa = PBXFileReference; explicitFileType = wrapper.application; includeInIndex = 0; path = ContactsSwiftUI.app; sourceTree = BUILT_PRODUCTS_DIR; };
		676DFFFF261FC77A008E073B /* AppDelegate.swift */ = {isa = PBXFileReference; lastKnownFileType = sourcecode.swift; path = AppDelegate.swift; sourceTree = "<group>"; };
/* End PBXFileReference section */

/* Begin PBXFrameworksBuildPhase section */
		676DFFF9261FC77A008E073B /* Frameworks */ = {
			isa = PBXFrameworksBuildPhase;
			buildActionMask = 2147483647;
			files = (
			);
			runOnlyForDeploymentPostprocessing = 0;
		};
/* End PBXFrameworksBuildPhase section */

/* Begin PBXGroup section */
		6769DC8F262105FE000A0689 /* Supporting Files */ = {
			isa = PBXGroup;
			children = (
				676DFFFF261FC77A008E073B /* AppDelegate.swift */,
				676D0001261FC77A008E073B /* SceneDelegate.swift */,
				676D000D261FC77D008E073B /* Info.plist */,
			);
			path = "Supporting Files";
			sourceTree = "<group>";
		};
		6769DC9126210618000A0689 /* Service */ = {
			isa = PBXGroup;
			children = (
				676D0015261FC7CB008E073B /* DataManager.swift */,
			);
			path = Service;
			sourceTree = "<group>";
		};
		6769DC922621063D000A0689 /* Views */ = {
			isa = PBXGroup;
			children = (
				676D000A261FC77D008E073B /* LaunchScreen.storyboard */,
				676D0003261FC77A008E073B /* ContentView.swift */,
				6769DC952621099A000A0689 /* ContactListView.swift */,
				6769DCA126225FC6000A0689 /* ContactRow.swift */,
				6769DC99262109BF000A0689 /* ContactDetailView.swift */,
				6769DC9C262109E9000A0689 /* SectionContactListView.swift */,
			);
			path = Views;
			sourceTree = "<group>";
		};
		6769DC942621065A000A0689 /* Resources */ = {
			isa = PBXGroup;
			children = (
				676D0005261FC77D008E073B /* Assets.xcassets */,
			);
			path = Resources;
			sourceTree = "<group>";
		};
		676D0007261FC77D008E073B /* Preview Content */ = {
			isa = PBXGroup;
			children = (
				676D0008261FC77D008E073B /* Preview Assets.xcassets */,
			);
			path = "Preview Content";
			sourceTree = "<group>";
		};
		676D0014261FC7A2008E073B /* Models */ = {
			isa = PBXGroup;
			children = (
				676D0019261FC7E0008E073B /* Person.swift */,
			);
			path = Models;
			sourceTree = "<group>";
		};
		676DFFF3261FC77A008E073B = {
			isa = PBXGroup;
			children = (
				676DFFFE261FC77A008E073B /* ContactsSwiftUI */,
				676DFFFD261FC77A008E073B /* Products */,
			);
			sourceTree = "<group>";
		};
		676DFFFD261FC77A008E073B /* Products */ = {
			isa = PBXGroup;
			children = (
				676DFFFC261FC77A008E073B /* ContactsSwiftUI.app */,
			);
			name = Products;
			sourceTree = "<group>";
		};
		676DFFFE261FC77A008E073B /* ContactsSwiftUI */ = {
			isa = PBXGroup;
			children = (
				6769DC9126210618000A0689 /* Service */,
				676D0014261FC7A2008E073B /* Models */,
				6769DC8F262105FE000A0689 /* Supporting Files */,
				6769DC922621063D000A0689 /* Views */,
				6769DC942621065A000A0689 /* Resources */,
				676D0007261FC77D008E073B /* Preview Content */,
			);
			path = ContactsSwiftUI;
			sourceTree = "<group>";
		};
/* End PBXGroup section */

/* Begin PBXNativeTarget section */
		676DFFFB261FC77A008E073B /* ContactsSwiftUI */ = {
			isa = PBXNativeTarget;
			buildConfigurationList = 676D0010261FC77D008E073B /* Build configuration list for PBXNativeTarget "ContactsSwiftUI" */;
			buildPhases = (
				676DFFF8261FC77A008E073B /* Sources */,
				676DFFF9261FC77A008E073B /* Frameworks */,
				676DFFFA261FC77A008E073B /* Resources */,
			);
			buildRules = (
			);
			dependencies = (
			);
			name = ContactsSwiftUI;
			productName = ContactsSwiftUI;
			productReference = 676DFFFC261FC77A008E073B /* ContactsSwiftUI.app */;
			productType = "com.apple.product-type.application";
		};
/* End PBXNativeTarget section */

/* Begin PBXProject section */
		676DFFF4261FC77A008E073B /* Project object */ = {
			isa = PBXProject;
			attributes = {
				LastSwiftUpdateCheck = 1240;
				LastUpgradeCheck = 1240;
				TargetAttributes = {
					676DFFFB261FC77A008E073B = {
						CreatedOnToolsVersion = 12.4;
					};
				};
			};
			buildConfigurationList = 676DFFF7261FC77A008E073B /* Build configuration list for PBXProject "ContactsSwiftUI" */;
			compatibilityVersion = "Xcode 9.3";
			developmentRegion = en;
			hasScannedForEncodings = 0;
			knownRegions = (
				en,
				Base,
			);
			mainGroup = 676DFFF3261FC77A008E073B;
			productRefGroup = 676DFFFD261FC77A008E073B /* Products */;
			projectDirPath = "";
			projectRoot = "";
			targets = (
				676DFFFB261FC77A008E073B /* ContactsSwiftUI */,
			);
		};
/* End PBXProject section */

/* Begin PBXResourcesBuildPhase section */
		676DFFFA261FC77A008E073B /* Resources */ = {
			isa = PBXResourcesBuildPhase;
			buildActionMask = 2147483647;
			files = (
				676D000C261FC77D008E073B /* LaunchScreen.storyboard in Resources */,
				676D0009261FC77D008E073B /* Preview Assets.xcassets in Resources */,
				676D0006261FC77D008E073B /* Assets.xcassets in Resources */,
			);
			runOnlyForDeploymentPostprocessing = 0;
		};
/* End PBXResourcesBuildPhase section */

/* Begin PBXSourcesBuildPhase section */
		676DFFF8261FC77A008E073B /* Sources */ = {
			isa = PBXSourcesBuildPhase;
			buildActionMask = 2147483647;
			files = (
				676D001A261FC7E0008E073B /* Person.swift in Sources */,
				676D0000261FC77A008E073B /* AppDelegate.swift in Sources */,
				6769DCA226225FC6000A0689 /* ContactRow.swift in Sources */,
				6769DC9A262109BF000A0689 /* ContactDetailView.swift in Sources */,
				676D0016261FC7CB008E073B /* DataManager.swift in Sources */,
				6769DC962621099A000A0689 /* ContactListView.swift in Sources */,
				676D0002261FC77A008E073B /* SceneDelegate.swift in Sources */,
				676D0004261FC77A008E073B /* ContentView.swift in Sources */,
				6769DC9D262109E9000A0689 /* SectionContactListView.swift in Sources */,
			);
			runOnlyForDeploymentPostprocessing = 0;
		};
/* End PBXSourcesBuildPhase section */

/* Begin PBXVariantGroup section */
		676D000A261FC77D008E073B /* LaunchScreen.storyboard */ = {
			isa = PBXVariantGroup;
			children = (
				676D000B261FC77D008E073B /* Base */,
			);
			name = LaunchScreen.storyboard;
			sourceTree = "<group>";
		};
/* End PBXVariantGroup section */

/* Begin XCBuildConfiguration section */
		676D000E261FC77D008E073B /* Debug */ = {
			isa = XCBuildConfiguration;
			buildSettings = {
				ALWAYS_SEARCH_USER_PATHS = NO;
				CLANG_ANALYZER_NONNULL = YES;
				CLANG_ANALYZER_NUMBER_OBJECT_CONVERSION = YES_AGGRESSIVE;
				CLANG_CXX_LANGUAGE_STANDARD = "gnu++14";
				CLANG_CXX_LIBRARY = "libc++";
				CLANG_ENABLE_MODULES = YES;
				CLANG_ENABLE_OBJC_ARC = YES;
				CLANG_ENABLE_OBJC_WEAK = YES;
				CLANG_WARN_BLOCK_CAPTURE_AUTORELEASING = YES;
				CLANG_WARN_BOOL_CONVERSION = YES;
				CLANG_WARN_COMMA = YES;
				CLANG_WARN_CONSTANT_CONVERSION = YES;
				CLANG_WARN_DEPRECATED_OBJC_IMPLEMENTATIONS = YES;
				CLANG_WARN_DIRECT_OBJC_ISA_USAGE = YES_ERROR;
				CLANG_WARN_DOCUMENTATION_COMMENTS = YES;
				CLANG_WARN_EMPTY_BODY = YES;
				CLANG_WARN_ENUM_CONVERSION = YES;
				CLANG_WARN_INFINITE_RECURSION = YES;
				CLANG_WARN_INT_CONVERSION = YES;
				CLANG_WARN_NON_LITERAL_NULL_CONVERSION = YES;
				CLANG_WARN_OBJC_IMPLICIT_RETAIN_SELF = YES;
				CLANG_WARN_OBJC_LITERAL_CONVERSION = YES;
				CLANG_WARN_OBJC_ROOT_CLASS = YES_ERROR;
				CLANG_WARN_QUOTED_INCLUDE_IN_FRAMEWORK_HEADER = YES;
				CLANG_WARN_RANGE_LOOP_ANALYSIS = YES;
				CLANG_WARN_STRICT_PROTOTYPES = YES;
				CLANG_WARN_SUSPICIOUS_MOVE = YES;
				CLANG_WARN_UNGUARDED_AVAILABILITY = YES_AGGRESSIVE;
				CLANG_WARN_UNREACHABLE_CODE = YES;
				CLANG_WARN__DUPLICATE_METHOD_MATCH = YES;
				COPY_PHASE_STRIP = NO;
				DEBUG_INFORMATION_FORMAT = dwarf;
				ENABLE_STRICT_OBJC_MSGSEND = YES;
				ENABLE_TESTABILITY = YES;
				GCC_C_LANGUAGE_STANDARD = gnu11;
				GCC_DYNAMIC_NO_PIC = NO;
				GCC_NO_COMMON_BLOCKS = YES;
				GCC_OPTIMIZATION_LEVEL = 0;
				GCC_PREPROCESSOR_DEFINITIONS = (
					"DEBUG=1",
					"$(inherited)",
				);
				GCC_WARN_64_TO_32_BIT_CONVERSION = YES;
				GCC_WARN_ABOUT_RETURN_TYPE = YES_ERROR;
				GCC_WARN_UNDECLARED_SELECTOR = YES;
				GCC_WARN_UNINITIALIZED_AUTOS = YES_AGGRESSIVE;
				GCC_WARN_UNUSED_FUNCTION = YES;
				GCC_WARN_UNUSED_VARIABLE = YES;
				IPHONEOS_DEPLOYMENT_TARGET = 14.4;
				MTL_ENABLE_DEBUG_INFO = INCLUDE_SOURCE;
				MTL_FAST_MATH = YES;
				ONLY_ACTIVE_ARCH = YES;
				SDKROOT = iphoneos;
				SWIFT_ACTIVE_COMPILATION_CONDITIONS = DEBUG;
				SWIFT_OPTIMIZATION_LEVEL = "-Onone";
			};
			name = Debug;
		};
		676D000F261FC77D008E073B /* Release */ = {
			isa = XCBuildConfiguration;
			buildSettings = {
				ALWAYS_SEARCH_USER_PATHS = NO;
				CLANG_ANALYZER_NONNULL = YES;
				CLANG_ANALYZER_NUMBER_OBJECT_CONVERSION = YES_AGGRESSIVE;
				CLANG_CXX_LANGUAGE_STANDARD = "gnu++14";
				CLANG_CXX_LIBRARY = "libc++";
				CLANG_ENABLE_MODULES = YES;
				CLANG_ENABLE_OBJC_ARC = YES;
				CLANG_ENABLE_OBJC_WEAK = YES;
				CLANG_WARN_BLOCK_CAPTURE_AUTORELEASING = YES;
				CLANG_WARN_BOOL_CONVERSION = YES;
				CLANG_WARN_COMMA = YES;
				CLANG_WARN_CONSTANT_CONVERSION = YES;
				CLANG_WARN_DEPRECATED_OBJC_IMPLEMENTATIONS = YES;
				CLANG_WARN_DIRECT_OBJC_ISA_USAGE = YES_ERROR;
				CLANG_WARN_DOCUMENTATION_COMMENTS = YES;
				CLANG_WARN_EMPTY_BODY = YES;
				CLANG_WARN_ENUM_CONVERSION = YES;
				CLANG_WARN_INFINITE_RECURSION = YES;
				CLANG_WARN_INT_CONVERSION = YES;
				CLANG_WARN_NON_LITERAL_NULL_CONVERSION = YES;
				CLANG_WARN_OBJC_IMPLICIT_RETAIN_SELF = YES;
				CLANG_WARN_OBJC_LITERAL_CONVERSION = YES;
				CLANG_WARN_OBJC_ROOT_CLASS = YES_ERROR;
				CLANG_WARN_QUOTED_INCLUDE_IN_FRAMEWORK_HEADER = YES;
				CLANG_WARN_RANGE_LOOP_ANALYSIS = YES;
				CLANG_WARN_STRICT_PROTOTYPES = YES;
				CLANG_WARN_SUSPICIOUS_MOVE = YES;
				CLANG_WARN_UNGUARDED_AVAILABILITY = YES_AGGRESSIVE;
				CLANG_WARN_UNREACHABLE_CODE = YES;
				CLANG_WARN__DUPLICATE_METHOD_MATCH = YES;
				COPY_PHASE_STRIP = NO;
				DEBUG_INFORMATION_FORMAT = "dwarf-with-dsym";
				ENABLE_NS_ASSERTIONS = NO;
				ENABLE_STRICT_OBJC_MSGSEND = YES;
				GCC_C_LANGUAGE_STANDARD = gnu11;
				GCC_NO_COMMON_BLOCKS = YES;
				GCC_WARN_64_TO_32_BIT_CONVERSION = YES;
				GCC_WARN_ABOUT_RETURN_TYPE = YES_ERROR;
				GCC_WARN_UNDECLARED_SELECTOR = YES;
				GCC_WARN_UNINITIALIZED_AUTOS = YES_AGGRESSIVE;
				GCC_WARN_UNUSED_FUNCTION = YES;
				GCC_WARN_UNUSED_VARIABLE = YES;
				IPHONEOS_DEPLOYMENT_TARGET = 14.4;
				MTL_ENABLE_DEBUG_INFO = NO;
				MTL_FAST_MATH = YES;
				SDKROOT = iphoneos;
				SWIFT_COMPILATION_MODE = wholemodule;
				SWIFT_OPTIMIZATION_LEVEL = "-O";
				VALIDATE_PRODUCT = YES;
			};
			name = Release;
		};
		676D0011261FC77D008E073B /* Debug */ = {
			isa = XCBuildConfiguration;
			buildSettings = {
				ASSETCATALOG_COMPILER_APPICON_NAME = AppIcon;
				ASSETCATALOG_COMPILER_GLOBAL_ACCENT_COLOR_NAME = AccentColor;
				CODE_SIGN_STYLE = Automatic;
				DEVELOPMENT_ASSET_PATHS = "\"ContactsSwiftUI/Preview Content\"";
				DEVELOPMENT_TEAM = D8C7N2PLY3;
				ENABLE_PREVIEWS = YES;
				INFOPLIST_FILE = "ContactsSwiftUI/Supporting Files/Info.plist";
				LD_RUNPATH_SEARCH_PATHS = (
					"$(inherited)",
					"@executable_path/Frameworks",
				);
				PRODUCT_BUNDLE_IDENTIFIER = com.albertRazhapov.ContactsSwiftUI;
				PRODUCT_NAME = "$(TARGET_NAME)";
				SWIFT_VERSION = 5.0;
				TARGETED_DEVICE_FAMILY = "1,2";
			};
			name = Debug;
		};
		676D0012261FC77D008E073B /* Release */ = {
			isa = XCBuildConfiguration;
			buildSettings = {
				ASSETCATALOG_COMPILER_APPICON_NAME = AppIcon;
				ASSETCATALOG_COMPILER_GLOBAL_ACCENT_COLOR_NAME = AccentColor;
				CODE_SIGN_STYLE = Automatic;
				DEVELOPMENT_ASSET_PATHS = "\"ContactsSwiftUI/Preview Content\"";
				DEVELOPMENT_TEAM = D8C7N2PLY3;
				ENABLE_PREVIEWS = YES;
				INFOPLIST_FILE = "ContactsSwiftUI/Supporting Files/Info.plist";
				LD_RUNPATH_SEARCH_PATHS = (
					"$(inherited)",
					"@executable_path/Frameworks",
				);
				PRODUCT_BUNDLE_IDENTIFIER = com.albertRazhapov.ContactsSwiftUI;
				PRODUCT_NAME = "$(TARGET_NAME)";
				SWIFT_VERSION = 5.0;
				TARGETED_DEVICE_FAMILY = "1,2";
			};
			name = Release;
		};
/* End XCBuildConfiguration section */

/* Begin XCConfigurationList section */
		676D0010261FC77D008E073B /* Build configuration list for PBXNativeTarget "ContactsSwiftUI" */ = {
			isa = XCConfigurationList;
			buildConfigurations = (
				676D0011261FC77D008E073B /* Debug */,
				676D0012261FC77D008E073B /* Release */,
			);
			defaultConfigurationIsVisible = 0;
			defaultConfigurationName = Release;
		};
		676DFFF7261FC77A008E073B /* Build configuration list for PBXProject "ContactsSwiftUI" */ = {
			isa = XCConfigurationList;
			buildConfigurations = (
				676D000E261FC77D008E073B /* Debug */,
				676D000F261FC77D008E073B /* Release */,
			);
			defaultConfigurationIsVisible = 0;
			defaultConfigurationName = Release;
		};
/* End XCConfigurationList section */
	};
	rootObject = 676DFFF4261FC77A008E073B /* Project object */;
}
